
Microsoft Visual Studio Solution File, Format Version 12.00
# Visual Studio Version 17
VisualStudioVersion = 17.1.32113.165
MinimumVisualStudioVersion = 10.0.40219.1
Project("{2150E333-8FDC-42A3-9474-1A3956D46DE8}") = "src", "src", "{CD6F364C-2DF3-4528-868E-3B8CFF20573A}"
EndProject
Project("{2150E333-8FDC-42A3-9474-1A3956D46DE8}") = "WebAPI", "WebAPI", "{602F1205-9F5A-4114-87B1-38A9CF2B34B2}"
EndProject
Project("{9A19103F-16F7-4668-BE54-9A1E7A4F7556}") = "VP.Pixel.WebAPI", "src\WebAPI\VP.Pixel.WebAPI.csproj", "{985086F2-9379-4A9F-A194-BD3E96752E50}"
EndProject
Project("{2150E333-8FDC-42A3-9474-1A3956D46DE8}") = "Shared", "Shared", "{DB5ABA7B-93DC-4802-A77F-F5D3BAA9634A}"
EndProject
Project("{9A19103F-16F7-4668-BE54-9A1E7A4F7556}") = "VP.Pixel.Shared", "src\Shared\VP.Pixel.Shared.csproj", "{BB439D23-39BA-44F5-B915-9E76F1F7B31C}"
EndProject
Global
	GlobalSection(SolutionConfigurationPlatforms) = preSolution
		Debug|Any CPU = Debug|Any CPU
		Release|Any CPU = Release|Any CPU
	EndGlobalSection
	GlobalSection(ProjectConfigurationPlatforms) = postSolution
		{985086F2-9379-4A9F-A194-BD3E96752E50}.Debug|Any CPU.ActiveCfg = Debug|Any CPU
		{985086F2-9379-4A9F-A194-BD3E96752E50}.Debug|Any CPU.Build.0 = Debug|Any CPU
		{985086F2-9379-4A9F-A194-BD3E96752E50}.Release|Any CPU.ActiveCfg = Release|Any CPU
		{985086F2-9379-4A9F-A194-BD3E96752E50}.Release|Any CPU.Build.0 = Release|Any CPU
		{BB439D23-39BA-44F5-B915-9E76F1F7B31C}.Debug|Any CPU.ActiveCfg = Debug|Any CPU
		{BB439D23-39BA-44F5-B915-9E76F1F7B31C}.Debug|Any CPU.Build.0 = Debug|Any CPU
		{BB439D23-39BA-44F5-B915-9E76F1F7B31C}.Release|Any CPU.ActiveCfg = Release|Any CPU
		{BB439D23-39BA-44F5-B915-9E76F1F7B31C}.Release|Any CPU.Build.0 = Release|Any CPU
	EndGlobalSection
	GlobalSection(SolutionProperties) = preSolution
		HideSolutionNode = FALSE
	EndGlobalSection
	GlobalSection(NestedProjects) = preSolution
		{602F1205-9F5A-4114-87B1-38A9CF2B34B2} = {CD6F364C-2DF3-4528-868E-3B8CFF20573A}
		{985086F2-9379-4A9F-A194-BD3E96752E50} = {602F1205-9F5A-4114-87B1-38A9CF2B34B2}
		{DB5ABA7B-93DC-4802-A77F-F5D3BAA9634A} = {CD6F364C-2DF3-4528-868E-3B8CFF20573A}
		{BB439D23-39BA-44F5-B915-9E76F1F7B31C} = {DB5ABA7B-93DC-4802-A77F-F5D3BAA9634A}
	EndGlobalSection
	GlobalSection(ExtensibilityGlobals) = postSolution
		SolutionGuid = {884ED2D6-A3F2-47CC-B988-621E1F7B551F}
	EndGlobalSection
EndGlobal
